
Microsoft Visual Studio Solution File, Format Version 12.00
# Visual Studio Version 17
VisualStudioVersion = 17.9.34728.123
MinimumVisualStudioVersion = 10.0.40219.1
Project("{9A19103F-16F7-4668-BE54-9A1E7A4F7556}") = "TarefasSPT3", "TarefasSPT3\TarefasSPT3.csproj", "{5248732A-8FCB-4645-BDDA-4E51965A7565}"
EndProject
Project("{FAE04EC0-301F-11D3-BF4B-00C04F79EFBC}") = "SPT3Test", "SPT3Test\SPT3Test.csproj", "{DE943ECF-B68A-4E0B-B25A-F45BC7BE5C11}"
EndProject
Global
	GlobalSection(SolutionConfigurationPlatforms) = preSolution
		Debug|Any CPU = Debug|Any CPU
		Release|Any CPU = Release|Any CPU
	EndGlobalSection
	GlobalSection(ProjectConfigurationPlatforms) = postSolution
		{5248732A-8FCB-4645-BDDA-4E51965A7565}.Debug|Any CPU.ActiveCfg = Debug|Any CPU
		{5248732A-8FCB-4645-BDDA-4E51965A7565}.Debug|Any CPU.Build.0 = Debug|Any CPU
		{5248732A-8FCB-4645-BDDA-4E51965A7565}.Release|Any CPU.ActiveCfg = Release|Any CPU
		{5248732A-8FCB-4645-BDDA-4E51965A7565}.Release|Any CPU.Build.0 = Release|Any CPU
		{DE943ECF-B68A-4E0B-B25A-F45BC7BE5C11}.Debug|Any CPU.ActiveCfg = Debug|Any CPU
		{DE943ECF-B68A-4E0B-B25A-F45BC7BE5C11}.Debug|Any CPU.Build.0 = Debug|Any CPU
		{DE943ECF-B68A-4E0B-B25A-F45BC7BE5C11}.Release|Any CPU.ActiveCfg = Release|Any CPU
		{DE943ECF-B68A-4E0B-B25A-F45BC7BE5C11}.Release|Any CPU.Build.0 = Release|Any CPU
	EndGlobalSection
	GlobalSection(SolutionProperties) = preSolution
		HideSolutionNode = FALSE
	EndGlobalSection
	GlobalSection(ExtensibilityGlobals) = postSolution
		SolutionGuid = {7DEDE83F-69F1-4211-96E3-057A1682BA52}
	EndGlobalSection
EndGlobal
